
Microsoft Visual Studio Solution File, Format Version 12.00
# Visual Studio Version 17
VisualStudioVersion = 17.11.35303.130
MinimumVisualStudioVersion = 10.0.40219.1
Project("{FAE04EC0-301F-11D3-BF4B-00C04F79EFBC}") = "Loops Assignment", "Loops Assignment\Loops Assignment.csproj", "{23DDBB09-D972-455A-B878-566E3C1B0052}"
EndProject
Global
	GlobalSection(SolutionConfigurationPlatforms) = preSolution
		Debug|Any CPU = Debug|Any CPU
		Release|Any CPU = Release|Any CPU
	EndGlobalSection
	GlobalSection(ProjectConfigurationPlatforms) = postSolution
		{23DDBB09-D972-455A-B878-566E3C1B0052}.Debug|Any CPU.ActiveCfg = Debug|Any CPU
		{23DDBB09-D972-455A-B878-566E3C1B0052}.Debug|Any CPU.Build.0 = Debug|Any CPU
		{23DDBB09-D972-455A-B878-566E3C1B0052}.Release|Any CPU.ActiveCfg = Release|Any CPU
		{23DDBB09-D972-455A-B878-566E3C1B0052}.Release|Any CPU.Build.0 = Release|Any CPU
	EndGlobalSection
	GlobalSection(SolutionProperties) = preSolution
		HideSolutionNode = FALSE
	EndGlobalSection
	GlobalSection(ExtensibilityGlobals) = postSolution
		SolutionGuid = {7291D44C-2078-470E-AF22-567A545BBD64}
	EndGlobalSection
EndGlobal
